
Microsoft Visual Studio Solution File, Format Version 12.00
# Visual Studio Version 17
VisualStudioVersion = 17.10.35013.160
MinimumVisualStudioVersion = 10.0.40219.1
Project("{FAE04EC0-301F-11D3-BF4B-00C04F79EFBC}") = "Automation", "Automation.csproj", "{56A60A59-2269-4F27-B46C-AC8903754ED9}"
EndProject
Global
	GlobalSection(SolutionConfigurationPlatforms) = preSolution
		Debug|Any CPU = Debug|Any CPU
		Release|Any CPU = Release|Any CPU
	EndGlobalSection
	GlobalSection(ProjectConfigurationPlatforms) = postSolution
		{56A60A59-2269-4F27-B46C-AC8903754ED9}.Debug|Any CPU.ActiveCfg = Debug|Any CPU
		{56A60A59-2269-4F27-B46C-AC8903754ED9}.Debug|Any CPU.Build.0 = Debug|Any CPU
		{56A60A59-2269-4F27-B46C-AC8903754ED9}.Release|Any CPU.ActiveCfg = Release|Any CPU
		{56A60A59-2269-4F27-B46C-AC8903754ED9}.Release|Any CPU.Build.0 = Release|Any CPU
	EndGlobalSection
	GlobalSection(SolutionProperties) = preSolution
		HideSolutionNode = FALSE
	EndGlobalSection
	GlobalSection(ExtensibilityGlobals) = postSolution
		SolutionGuid = {7652C784-17E2-4E56-BDDA-162CA04D0EB2}
	EndGlobalSection
EndGlobal
